
Microsoft Visual Studio Solution File, Format Version 10.00
# Visual Studio 2008
Project("{2150E333-8FDC-42A3-9474-1A3956D46DE8}") = "Solution Items", "Solution Items", "{39E894D7-37CB-4806-8F2C-4FF700C7C439}"
EndProject
Project("{FAE04EC0-301F-11D3-BF4B-00C04F79EFBC}") = "MshConverter", "MshConverter\MshConverter.csproj", "{E8CA4ED1-29C7-4821-90C7-DE6E0B97918F}"
EndProject
Project("{FAE04EC0-301F-11D3-BF4B-00C04F79EFBC}") = "3DLib", "3DLib\3DLib.csproj", "{E6EC7F72-E535-40E8-A5F1-0990BD9ACEEA}"
EndProject
Project("{FAE04EC0-301F-11D3-BF4B-00C04F79EFBC}") = "3DLibDx9", "3DLibDx9\3DLibDx9.csproj", "{A7D0854E-2340-4D0F-B5AA-2DA1F31D3028}"
EndProject
Global
	GlobalSection(SolutionConfigurationPlatforms) = preSolution
		Debug|Any CPU = Debug|Any CPU
		Release|Any CPU = Release|Any CPU
	EndGlobalSection
	GlobalSection(ProjectConfigurationPlatforms) = postSolution
		{E8CA4ED1-29C7-4821-90C7-DE6E0B97918F}.Debug|Any CPU.ActiveCfg = Debug|Any CPU
		{E8CA4ED1-29C7-4821-90C7-DE6E0B97918F}.Debug|Any CPU.Build.0 = Debug|Any CPU
		{E8CA4ED1-29C7-4821-90C7-DE6E0B97918F}.Release|Any CPU.ActiveCfg = Release|x86
		{E8CA4ED1-29C7-4821-90C7-DE6E0B97918F}.Release|Any CPU.Build.0 = Release|x86
		{E6EC7F72-E535-40E8-A5F1-0990BD9ACEEA}.Debug|Any CPU.ActiveCfg = Debug|Any CPU
		{E6EC7F72-E535-40E8-A5F1-0990BD9ACEEA}.Debug|Any CPU.Build.0 = Debug|Any CPU
		{E6EC7F72-E535-40E8-A5F1-0990BD9ACEEA}.Release|Any CPU.ActiveCfg = Release|x86
		{E6EC7F72-E535-40E8-A5F1-0990BD9ACEEA}.Release|Any CPU.Build.0 = Release|x86
		{A7D0854E-2340-4D0F-B5AA-2DA1F31D3028}.Debug|Any CPU.ActiveCfg = Debug|Any CPU
		{A7D0854E-2340-4D0F-B5AA-2DA1F31D3028}.Debug|Any CPU.Build.0 = Debug|Any CPU
		{A7D0854E-2340-4D0F-B5AA-2DA1F31D3028}.Release|Any CPU.ActiveCfg = Release|x86
		{A7D0854E-2340-4D0F-B5AA-2DA1F31D3028}.Release|Any CPU.Build.0 = Release|x86
	EndGlobalSection
	GlobalSection(SolutionProperties) = preSolution
		HideSolutionNode = FALSE
	EndGlobalSection
EndGlobal
